
Microsoft Visual Studio Solution File, Format Version 12.00
# Visual Studio Version 17
VisualStudioVersion = 17.9.34701.34
MinimumVisualStudioVersion = 10.0.40219.1
Project("{9A19103F-16F7-4668-BE54-9A1E7A4F7556}") = "UnitTest", "UnitTest\UnitTest.csproj", "{72FCE068-6D09-4C7F-AD25-5F960077D993}"
EndProject
Project("{9A19103F-16F7-4668-BE54-9A1E7A4F7556}") = "HMI", "HMI\HMI.csproj", "{67B570CA-157C-4AC6-AA19-813CC025EBD1}"
EndProject
Project("{9A19103F-16F7-4668-BE54-9A1E7A4F7556}") = "Model", "Model\Model.csproj", "{870E6226-A86F-41C5-B2AD-A5BFD1B32447}"
EndProject
Project("{9A19103F-16F7-4668-BE54-9A1E7A4F7556}") = "ViewModel", "ViewModel\ViewModel.csproj", "{00204B2D-9B24-431F-BCA5-B83B60BEC5A2}"
EndProject
Project("{9A19103F-16F7-4668-BE54-9A1E7A4F7556}") = "Network", "Network\Network.csproj", "{4DFCAA0D-5A5B-4A38-A2E9-885A33ABFB3D}"
EndProject
Project("{FAE04EC0-301F-11D3-BF4B-00C04F79EFBC}") = "Exceptions", "Exceptions\Exceptions.csproj", "{F3DAE79E-D3DA-4408-9EFF-8B5D85EFF151}"
EndProject
Global
	GlobalSection(SolutionConfigurationPlatforms) = preSolution
		Debug|Any CPU = Debug|Any CPU
		Release|Any CPU = Release|Any CPU
	EndGlobalSection
	GlobalSection(ProjectConfigurationPlatforms) = postSolution
		{72FCE068-6D09-4C7F-AD25-5F960077D993}.Debug|Any CPU.ActiveCfg = Debug|Any CPU
		{72FCE068-6D09-4C7F-AD25-5F960077D993}.Debug|Any CPU.Build.0 = Debug|Any CPU
		{72FCE068-6D09-4C7F-AD25-5F960077D993}.Release|Any CPU.ActiveCfg = Release|Any CPU
		{72FCE068-6D09-4C7F-AD25-5F960077D993}.Release|Any CPU.Build.0 = Release|Any CPU
		{67B570CA-157C-4AC6-AA19-813CC025EBD1}.Debug|Any CPU.ActiveCfg = Debug|Any CPU
		{67B570CA-157C-4AC6-AA19-813CC025EBD1}.Debug|Any CPU.Build.0 = Debug|Any CPU
		{67B570CA-157C-4AC6-AA19-813CC025EBD1}.Release|Any CPU.ActiveCfg = Release|Any CPU
		{67B570CA-157C-4AC6-AA19-813CC025EBD1}.Release|Any CPU.Build.0 = Release|Any CPU
		{870E6226-A86F-41C5-B2AD-A5BFD1B32447}.Debug|Any CPU.ActiveCfg = Debug|Any CPU
		{870E6226-A86F-41C5-B2AD-A5BFD1B32447}.Debug|Any CPU.Build.0 = Debug|Any CPU
		{870E6226-A86F-41C5-B2AD-A5BFD1B32447}.Release|Any CPU.ActiveCfg = Release|Any CPU
		{870E6226-A86F-41C5-B2AD-A5BFD1B32447}.Release|Any CPU.Build.0 = Release|Any CPU
		{00204B2D-9B24-431F-BCA5-B83B60BEC5A2}.Debug|Any CPU.ActiveCfg = Debug|Any CPU
		{00204B2D-9B24-431F-BCA5-B83B60BEC5A2}.Debug|Any CPU.Build.0 = Debug|Any CPU
		{00204B2D-9B24-431F-BCA5-B83B60BEC5A2}.Release|Any CPU.ActiveCfg = Release|Any CPU
		{00204B2D-9B24-431F-BCA5-B83B60BEC5A2}.Release|Any CPU.Build.0 = Release|Any CPU
		{4DFCAA0D-5A5B-4A38-A2E9-885A33ABFB3D}.Debug|Any CPU.ActiveCfg = Debug|Any CPU
		{4DFCAA0D-5A5B-4A38-A2E9-885A33ABFB3D}.Debug|Any CPU.Build.0 = Debug|Any CPU
		{4DFCAA0D-5A5B-4A38-A2E9-885A33ABFB3D}.Release|Any CPU.ActiveCfg = Release|Any CPU
		{4DFCAA0D-5A5B-4A38-A2E9-885A33ABFB3D}.Release|Any CPU.Build.0 = Release|Any CPU
		{F3DAE79E-D3DA-4408-9EFF-8B5D85EFF151}.Debug|Any CPU.ActiveCfg = Debug|Any CPU
		{F3DAE79E-D3DA-4408-9EFF-8B5D85EFF151}.Debug|Any CPU.Build.0 = Debug|Any CPU
		{F3DAE79E-D3DA-4408-9EFF-8B5D85EFF151}.Release|Any CPU.ActiveCfg = Release|Any CPU
		{F3DAE79E-D3DA-4408-9EFF-8B5D85EFF151}.Release|Any CPU.Build.0 = Release|Any CPU
	EndGlobalSection
	GlobalSection(SolutionProperties) = preSolution
		HideSolutionNode = FALSE
	EndGlobalSection
	GlobalSection(ExtensibilityGlobals) = postSolution
		SolutionGuid = {2DD0C096-60D8-4E45-90A4-EF43C559126D}
	EndGlobalSection
EndGlobal
